
Microsoft Visual Studio Solution File, Format Version 12.00
# Visual Studio 15
VisualStudioVersion = 15.0.28307.329
MinimumVisualStudioVersion = 10.0.40219.1
Project("{FAE04EC0-301F-11D3-BF4B-00C04F79EFBC}") = "Kétdimenziós tömb", "Kétdimenziós tömb\Kétdimenziós tömb.csproj", "{338227DE-4900-4493-AB1B-8C5B5119024E}"
EndProject
Global
	GlobalSection(SolutionConfigurationPlatforms) = preSolution
		Debug|Any CPU = Debug|Any CPU
		Release|Any CPU = Release|Any CPU
	EndGlobalSection
	GlobalSection(ProjectConfigurationPlatforms) = postSolution
		{338227DE-4900-4493-AB1B-8C5B5119024E}.Debug|Any CPU.ActiveCfg = Debug|Any CPU
		{338227DE-4900-4493-AB1B-8C5B5119024E}.Debug|Any CPU.Build.0 = Debug|Any CPU
		{338227DE-4900-4493-AB1B-8C5B5119024E}.Release|Any CPU.ActiveCfg = Release|Any CPU
		{338227DE-4900-4493-AB1B-8C5B5119024E}.Release|Any CPU.Build.0 = Release|Any CPU
	EndGlobalSection
	GlobalSection(SolutionProperties) = preSolution
		HideSolutionNode = FALSE
	EndGlobalSection
	GlobalSection(ExtensibilityGlobals) = postSolution
		SolutionGuid = {795FAAAC-A8E5-413F-834C-3AFD0F153B40}
	EndGlobalSection
EndGlobal
